
Microsoft Visual Studio Solution File, Format Version 12.00
# Visual Studio 15
VisualStudioVersion = 15.0.27130.2003
MinimumVisualStudioVersion = 10.0.40219.1
Project("{FAE04EC0-301F-11D3-BF4B-00C04F79EFBC}") = "01. ReverseNumbers", "CSharpAdvanced\01. ReverseNumbers.csproj", "{654836C4-5821-46A5-85BD-152E8FC9D15C}"
EndProject
Project("{2150E333-8FDC-42A3-9474-1A3956D46DE8}") = "StacksAndQueues", "StacksAndQueues", "{C834CD81-7587-46C5-AB90-DE0186D600F2}"
EndProject
Project("{FAE04EC0-301F-11D3-BF4B-00C04F79EFBC}") = "02.BasicStackOperations", "02.BasicStackOperations\02.BasicStackOperations.csproj", "{BE31BA79-C68D-42BB-B322-F9C091598A40}"
EndProject
Project("{FAE04EC0-301F-11D3-BF4B-00C04F79EFBC}") = "03.MaximumElement", "03.MaximumElement\03.MaximumElement.csproj", "{AFA09ECB-AABE-44F8-B18D-C65F53E1CE2B}"
EndProject
Project("{FAE04EC0-301F-11D3-BF4B-00C04F79EFBC}") = "04.BasicQueueOperations", "04.BasicQueueOperations\04.BasicQueueOperations.csproj", "{EDC8C2B2-84ED-4D83-9FC5-0577846A8FF1}"
EndProject
Project("{FAE04EC0-301F-11D3-BF4B-00C04F79EFBC}") = "05.SequenceWithQueue", "05.SequenceWithQueue\05.SequenceWithQueue.csproj", "{2BD19C30-F35F-428F-BE1A-70CBBF499751}"
EndProject
Project("{FAE04EC0-301F-11D3-BF4B-00C04F79EFBC}") = "06-TruckTour", "06-TruckTour\06-TruckTour.csproj", "{6E1D192D-FF34-4EF2-8930-5C6AD7EB69B9}"
EndProject
Project("{FAE04EC0-301F-11D3-BF4B-00C04F79EFBC}") = "07.BalancedParentheses", "07.BalancedParentheses\07.BalancedParentheses.csproj", "{2DC2BA71-9690-421C-9EC5-4F0739FE166F}"
EndProject
Project("{FAE04EC0-301F-11D3-BF4B-00C04F79EFBC}") = "08.RecursiveFibonacci", "08.RecursiveFibonacci\08.RecursiveFibonacci.csproj", "{2E65DE9A-BF70-4F24-B0D4-B9C3E42B2E51}"
EndProject
Project("{FAE04EC0-301F-11D3-BF4B-00C04F79EFBC}") = "09.StackFibonacci", "09.StackFibonacci\09.StackFibonacci.csproj", "{D298C2D0-FA6B-467D-B26E-ACEE01050E44}"
EndProject
Project("{FAE04EC0-301F-11D3-BF4B-00C04F79EFBC}") = "10.SimpleTextEditor", "10.SimpleTextEditor\10.SimpleTextEditor.csproj", "{D9E0C4DB-1377-4D0A-8270-21DE115259E7}"
EndProject
Project("{2150E333-8FDC-42A3-9474-1A3956D46DE8}") = "MultidimensionalArrays", "MultidimensionalArrays", "{4A79C55E-7CAA-4D4F-A24D-03C6B4A94999}"
EndProject
Project("{FAE04EC0-301F-11D3-BF4B-00C04F79EFBC}") = "01.MatrixOfPalindromes", "01.MatrixOfPalindromes\01.MatrixOfPalindromes.csproj", "{18BEAD22-FA05-4C84-A428-5133A5B8877C}"
EndProject
Project("{FAE04EC0-301F-11D3-BF4B-00C04F79EFBC}") = "02.DiagonalDifference", "02.DiagonalDifference\02.DiagonalDifference.csproj", "{FD68814B-7176-4564-9950-079279053D0D}"
EndProject
Project("{FAE04EC0-301F-11D3-BF4B-00C04F79EFBC}") = "03. Squares in Matrix", "03. Squares in Matrix\03. Squares in Matrix.csproj", "{07BCA401-19F0-4CEE-8D11-83294D893505}"
EndProject
Project("{FAE04EC0-301F-11D3-BF4B-00C04F79EFBC}") = "04.MaximalSum", "04.MaximalSum\04.MaximalSum.csproj", "{123AAF66-7983-4609-9833-BB9604086E31}"
EndProject
Project("{FAE04EC0-301F-11D3-BF4B-00C04F79EFBC}") = "05.RubiksMatrix", "05.RubiksMatrix\05.RubiksMatrix.csproj", "{5E84C551-2546-4805-991E-B275931E77DA}"
EndProject
Project("{FAE04EC0-301F-11D3-BF4B-00C04F79EFBC}") = "07.LegoBlocks", "07.LegoBlocks\07.LegoBlocks.csproj", "{55EDEF98-4CBC-4098-B07E-562E581C8526}"
EndProject
Project("{2150E333-8FDC-42A3-9474-1A3956D46DE8}") = "StramsAndFiles", "StramsAndFiles", "{CF126470-D3CB-4FD1-BD43-6B780913B36D}"
EndProject
Project("{FAE04EC0-301F-11D3-BF4B-00C04F79EFBC}") = "01.OddLines", "01.OddLines\01.OddLines.csproj", "{38688F7D-0480-48D1-A852-F84082702E0F}"
EndProject
Project("{FAE04EC0-301F-11D3-BF4B-00C04F79EFBC}") = "02.LineNumbers", "02.LineNumbers\02.LineNumbers.csproj", "{AD5F9289-D55D-42BD-987B-54FC06A71F02}"
EndProject
Project("{2150E333-8FDC-42A3-9474-1A3956D46DE8}") = "FunctionalProgr", "FunctionalProgr", "{2E295372-B2CE-4FCA-8AA6-B05E57A507C9}"
EndProject
Project("{FAE04EC0-301F-11D3-BF4B-00C04F79EFBC}") = "01.ActionPrint", "01.ActionPrint\01.ActionPrint.csproj", "{04040661-D931-435B-80FF-813A1E823387}"
EndProject
Project("{FAE04EC0-301F-11D3-BF4B-00C04F79EFBC}") = "02.KnightsOfHonor", "02.KnightsOfHonor\02.KnightsOfHonor.csproj", "{E8CB7379-960F-4703-9FE4-FFEC244A9197}"
EndProject
Project("{FAE04EC0-301F-11D3-BF4B-00C04F79EFBC}") = "03.CustomMinFunction", "03.CustomMinFunction\03.CustomMinFunction.csproj", "{8A64DF55-F06A-4F4D-A716-0EA8E2FE1528}"
EndProject
Project("{FAE04EC0-301F-11D3-BF4B-00C04F79EFBC}") = "04.FindEvensOrOdds", "04.FindEvensOrOdds\04.FindEvensOrOdds.csproj", "{BA1D2EB0-B639-41EC-8368-1881309546F0}"
EndProject
Project("{FAE04EC0-301F-11D3-BF4B-00C04F79EFBC}") = "06.TargetPractice", "06.TargetPractice\06.TargetPractice.csproj", "{D7C0CFDD-E9BD-4C71-AF3B-162302831C5D}"
EndProject
Project("{2150E333-8FDC-42A3-9474-1A3956D46DE8}") = "MultidimensionalArraysLab", "MultidimensionalArraysLab", "{26B43A6F-FDA9-47EF-8706-4E99E9F47777}"
EndProject
Project("{FAE04EC0-301F-11D3-BF4B-00C04F79EFBC}") = "01.SumMatrixElements", "01.SumMatrixElements\01.SumMatrixElements.csproj", "{4A6BF514-5E66-4747-AE49-35598D8BAF4C}"
EndProject
Global
	GlobalSection(SolutionConfigurationPlatforms) = preSolution
		Debug|Any CPU = Debug|Any CPU
		Release|Any CPU = Release|Any CPU
	EndGlobalSection
	GlobalSection(ProjectConfigurationPlatforms) = postSolution
		{654836C4-5821-46A5-85BD-152E8FC9D15C}.Debug|Any CPU.ActiveCfg = Debug|Any CPU
		{654836C4-5821-46A5-85BD-152E8FC9D15C}.Debug|Any CPU.Build.0 = Debug|Any CPU
		{654836C4-5821-46A5-85BD-152E8FC9D15C}.Release|Any CPU.ActiveCfg = Release|Any CPU
		{654836C4-5821-46A5-85BD-152E8FC9D15C}.Release|Any CPU.Build.0 = Release|Any CPU
		{BE31BA79-C68D-42BB-B322-F9C091598A40}.Debug|Any CPU.ActiveCfg = Debug|Any CPU
		{BE31BA79-C68D-42BB-B322-F9C091598A40}.Debug|Any CPU.Build.0 = Debug|Any CPU
		{BE31BA79-C68D-42BB-B322-F9C091598A40}.Release|Any CPU.ActiveCfg = Release|Any CPU
		{BE31BA79-C68D-42BB-B322-F9C091598A40}.Release|Any CPU.Build.0 = Release|Any CPU
		{AFA09ECB-AABE-44F8-B18D-C65F53E1CE2B}.Debug|Any CPU.ActiveCfg = Debug|Any CPU
		{AFA09ECB-AABE-44F8-B18D-C65F53E1CE2B}.Debug|Any CPU.Build.0 = Debug|Any CPU
		{AFA09ECB-AABE-44F8-B18D-C65F53E1CE2B}.Release|Any CPU.ActiveCfg = Release|Any CPU
		{AFA09ECB-AABE-44F8-B18D-C65F53E1CE2B}.Release|Any CPU.Build.0 = Release|Any CPU
		{EDC8C2B2-84ED-4D83-9FC5-0577846A8FF1}.Debug|Any CPU.ActiveCfg = Debug|Any CPU
		{EDC8C2B2-84ED-4D83-9FC5-0577846A8FF1}.Debug|Any CPU.Build.0 = Debug|Any CPU
		{EDC8C2B2-84ED-4D83-9FC5-0577846A8FF1}.Release|Any CPU.ActiveCfg = Release|Any CPU
		{EDC8C2B2-84ED-4D83-9FC5-0577846A8FF1}.Release|Any CPU.Build.0 = Release|Any CPU
		{2BD19C30-F35F-428F-BE1A-70CBBF499751}.Debug|Any CPU.ActiveCfg = Debug|Any CPU
		{2BD19C30-F35F-428F-BE1A-70CBBF499751}.Debug|Any CPU.Build.0 = Debug|Any CPU
		{2BD19C30-F35F-428F-BE1A-70CBBF499751}.Release|Any CPU.ActiveCfg = Release|Any CPU
		{2BD19C30-F35F-428F-BE1A-70CBBF499751}.Release|Any CPU.Build.0 = Release|Any CPU
		{6E1D192D-FF34-4EF2-8930-5C6AD7EB69B9}.Debug|Any CPU.ActiveCfg = Debug|Any CPU
		{6E1D192D-FF34-4EF2-8930-5C6AD7EB69B9}.Debug|Any CPU.Build.0 = Debug|Any CPU
		{6E1D192D-FF34-4EF2-8930-5C6AD7EB69B9}.Release|Any CPU.ActiveCfg = Release|Any CPU
		{6E1D192D-FF34-4EF2-8930-5C6AD7EB69B9}.Release|Any CPU.Build.0 = Release|Any CPU
		{2DC2BA71-9690-421C-9EC5-4F0739FE166F}.Debug|Any CPU.ActiveCfg = Debug|Any CPU
		{2DC2BA71-9690-421C-9EC5-4F0739FE166F}.Debug|Any CPU.Build.0 = Debug|Any CPU
		{2DC2BA71-9690-421C-9EC5-4F0739FE166F}.Release|Any CPU.ActiveCfg = Release|Any CPU
		{2DC2BA71-9690-421C-9EC5-4F0739FE166F}.Release|Any CPU.Build.0 = Release|Any CPU
		{2E65DE9A-BF70-4F24-B0D4-B9C3E42B2E51}.Debug|Any CPU.ActiveCfg = Debug|Any CPU
		{2E65DE9A-BF70-4F24-B0D4-B9C3E42B2E51}.Debug|Any CPU.Build.0 = Debug|Any CPU
		{2E65DE9A-BF70-4F24-B0D4-B9C3E42B2E51}.Release|Any CPU.ActiveCfg = Release|Any CPU
		{2E65DE9A-BF70-4F24-B0D4-B9C3E42B2E51}.Release|Any CPU.Build.0 = Release|Any CPU
		{D298C2D0-FA6B-467D-B26E-ACEE01050E44}.Debug|Any CPU.ActiveCfg = Debug|Any CPU
		{D298C2D0-FA6B-467D-B26E-ACEE01050E44}.Debug|Any CPU.Build.0 = Debug|Any CPU
		{D298C2D0-FA6B-467D-B26E-ACEE01050E44}.Release|Any CPU.ActiveCfg = Release|Any CPU
		{D298C2D0-FA6B-467D-B26E-ACEE01050E44}.Release|Any CPU.Build.0 = Release|Any CPU
		{D9E0C4DB-1377-4D0A-8270-21DE115259E7}.Debug|Any CPU.ActiveCfg = Debug|Any CPU
		{D9E0C4DB-1377-4D0A-8270-21DE115259E7}.Debug|Any CPU.Build.0 = Debug|Any CPU
		{D9E0C4DB-1377-4D0A-8270-21DE115259E7}.Release|Any CPU.ActiveCfg = Release|Any CPU
		{D9E0C4DB-1377-4D0A-8270-21DE115259E7}.Release|Any CPU.Build.0 = Release|Any CPU
		{18BEAD22-FA05-4C84-A428-5133A5B8877C}.Debug|Any CPU.ActiveCfg = Debug|Any CPU
		{18BEAD22-FA05-4C84-A428-5133A5B8877C}.Debug|Any CPU.Build.0 = Debug|Any CPU
		{18BEAD22-FA05-4C84-A428-5133A5B8877C}.Release|Any CPU.ActiveCfg = Release|Any CPU
		{18BEAD22-FA05-4C84-A428-5133A5B8877C}.Release|Any CPU.Build.0 = Release|Any CPU
		{FD68814B-7176-4564-9950-079279053D0D}.Debug|Any CPU.ActiveCfg = Debug|Any CPU
		{FD68814B-7176-4564-9950-079279053D0D}.Debug|Any CPU.Build.0 = Debug|Any CPU
		{FD68814B-7176-4564-9950-079279053D0D}.Release|Any CPU.ActiveCfg = Release|Any CPU
		{FD68814B-7176-4564-9950-079279053D0D}.Release|Any CPU.Build.0 = Release|Any CPU
		{07BCA401-19F0-4CEE-8D11-83294D893505}.Debug|Any CPU.ActiveCfg = Debug|Any CPU
		{07BCA401-19F0-4CEE-8D11-83294D893505}.Debug|Any CPU.Build.0 = Debug|Any CPU
		{07BCA401-19F0-4CEE-8D11-83294D893505}.Release|Any CPU.ActiveCfg = Release|Any CPU
		{07BCA401-19F0-4CEE-8D11-83294D893505}.Release|Any CPU.Build.0 = Release|Any CPU
		{123AAF66-7983-4609-9833-BB9604086E31}.Debug|Any CPU.ActiveCfg = Debug|Any CPU
		{123AAF66-7983-4609-9833-BB9604086E31}.Debug|Any CPU.Build.0 = Debug|Any CPU
		{123AAF66-7983-4609-9833-BB9604086E31}.Release|Any CPU.ActiveCfg = Release|Any CPU
		{123AAF66-7983-4609-9833-BB9604086E31}.Release|Any CPU.Build.0 = Release|Any CPU
		{5E84C551-2546-4805-991E-B275931E77DA}.Debug|Any CPU.ActiveCfg = Debug|Any CPU
		{5E84C551-2546-4805-991E-B275931E77DA}.Debug|Any CPU.Build.0 = Debug|Any CPU
		{5E84C551-2546-4805-991E-B275931E77DA}.Release|Any CPU.ActiveCfg = Release|Any CPU
		{5E84C551-2546-4805-991E-B275931E77DA}.Release|Any CPU.Build.0 = Release|Any CPU
		{55EDEF98-4CBC-4098-B07E-562E581C8526}.Debug|Any CPU.ActiveCfg = Debug|Any CPU
		{55EDEF98-4CBC-4098-B07E-562E581C8526}.Debug|Any CPU.Build.0 = Debug|Any CPU
		{55EDEF98-4CBC-4098-B07E-562E581C8526}.Release|Any CPU.ActiveCfg = Release|Any CPU
		{55EDEF98-4CBC-4098-B07E-562E581C8526}.Release|Any CPU.Build.0 = Release|Any CPU
		{38688F7D-0480-48D1-A852-F84082702E0F}.Debug|Any CPU.ActiveCfg = Debug|Any CPU
		{38688F7D-0480-48D1-A852-F84082702E0F}.Debug|Any CPU.Build.0 = Debug|Any CPU
		{38688F7D-0480-48D1-A852-F84082702E0F}.Release|Any CPU.ActiveCfg = Release|Any CPU
		{38688F7D-0480-48D1-A852-F84082702E0F}.Release|Any CPU.Build.0 = Release|Any CPU
		{AD5F9289-D55D-42BD-987B-54FC06A71F02}.Debug|Any CPU.ActiveCfg = Debug|Any CPU
		{AD5F9289-D55D-42BD-987B-54FC06A71F02}.Debug|Any CPU.Build.0 = Debug|Any CPU
		{AD5F9289-D55D-42BD-987B-54FC06A71F02}.Release|Any CPU.ActiveCfg = Release|Any CPU
		{AD5F9289-D55D-42BD-987B-54FC06A71F02}.Release|Any CPU.Build.0 = Release|Any CPU
		{04040661-D931-435B-80FF-813A1E823387}.Debug|Any CPU.ActiveCfg = Debug|Any CPU
		{04040661-D931-435B-80FF-813A1E823387}.Debug|Any CPU.Build.0 = Debug|Any CPU
		{04040661-D931-435B-80FF-813A1E823387}.Release|Any CPU.ActiveCfg = Release|Any CPU
		{04040661-D931-435B-80FF-813A1E823387}.Release|Any CPU.Build.0 = Release|Any CPU
		{E8CB7379-960F-4703-9FE4-FFEC244A9197}.Debug|Any CPU.ActiveCfg = Debug|Any CPU
		{E8CB7379-960F-4703-9FE4-FFEC244A9197}.Debug|Any CPU.Build.0 = Debug|Any CPU
		{E8CB7379-960F-4703-9FE4-FFEC244A9197}.Release|Any CPU.ActiveCfg = Release|Any CPU
		{E8CB7379-960F-4703-9FE4-FFEC244A9197}.Release|Any CPU.Build.0 = Release|Any CPU
		{8A64DF55-F06A-4F4D-A716-0EA8E2FE1528}.Debug|Any CPU.ActiveCfg = Debug|Any CPU
		{8A64DF55-F06A-4F4D-A716-0EA8E2FE1528}.Debug|Any CPU.Build.0 = Debug|Any CPU
		{8A64DF55-F06A-4F4D-A716-0EA8E2FE1528}.Release|Any CPU.ActiveCfg = Release|Any CPU
		{8A64DF55-F06A-4F4D-A716-0EA8E2FE1528}.Release|Any CPU.Build.0 = Release|Any CPU
		{BA1D2EB0-B639-41EC-8368-1881309546F0}.Debug|Any CPU.ActiveCfg = Debug|Any CPU
		{BA1D2EB0-B639-41EC-8368-1881309546F0}.Debug|Any CPU.Build.0 = Debug|Any CPU
		{BA1D2EB0-B639-41EC-8368-1881309546F0}.Release|Any CPU.ActiveCfg = Release|Any CPU
		{BA1D2EB0-B639-41EC-8368-1881309546F0}.Release|Any CPU.Build.0 = Release|Any CPU
		{D7C0CFDD-E9BD-4C71-AF3B-162302831C5D}.Debug|Any CPU.ActiveCfg = Debug|Any CPU
		{D7C0CFDD-E9BD-4C71-AF3B-162302831C5D}.Debug|Any CPU.Build.0 = Debug|Any CPU
		{D7C0CFDD-E9BD-4C71-AF3B-162302831C5D}.Release|Any CPU.ActiveCfg = Release|Any CPU
		{D7C0CFDD-E9BD-4C71-AF3B-162302831C5D}.Release|Any CPU.Build.0 = Release|Any CPU
		{4A6BF514-5E66-4747-AE49-35598D8BAF4C}.Debug|Any CPU.ActiveCfg = Debug|Any CPU
		{4A6BF514-5E66-4747-AE49-35598D8BAF4C}.Debug|Any CPU.Build.0 = Debug|Any CPU
		{4A6BF514-5E66-4747-AE49-35598D8BAF4C}.Release|Any CPU.ActiveCfg = Release|Any CPU
		{4A6BF514-5E66-4747-AE49-35598D8BAF4C}.Release|Any CPU.Build.0 = Release|Any CPU
	EndGlobalSection
	GlobalSection(SolutionProperties) = preSolution
		HideSolutionNode = FALSE
	EndGlobalSection
	GlobalSection(NestedProjects) = preSolution
		{654836C4-5821-46A5-85BD-152E8FC9D15C} = {C834CD81-7587-46C5-AB90-DE0186D600F2}
		{BE31BA79-C68D-42BB-B322-F9C091598A40} = {C834CD81-7587-46C5-AB90-DE0186D600F2}
		{AFA09ECB-AABE-44F8-B18D-C65F53E1CE2B} = {C834CD81-7587-46C5-AB90-DE0186D600F2}
		{EDC8C2B2-84ED-4D83-9FC5-0577846A8FF1} = {C834CD81-7587-46C5-AB90-DE0186D600F2}
		{2BD19C30-F35F-428F-BE1A-70CBBF499751} = {C834CD81-7587-46C5-AB90-DE0186D600F2}
		{6E1D192D-FF34-4EF2-8930-5C6AD7EB69B9} = {C834CD81-7587-46C5-AB90-DE0186D600F2}
		{2DC2BA71-9690-421C-9EC5-4F0739FE166F} = {C834CD81-7587-46C5-AB90-DE0186D600F2}
		{2E65DE9A-BF70-4F24-B0D4-B9C3E42B2E51} = {C834CD81-7587-46C5-AB90-DE0186D600F2}
		{D298C2D0-FA6B-467D-B26E-ACEE01050E44} = {C834CD81-7587-46C5-AB90-DE0186D600F2}
		{D9E0C4DB-1377-4D0A-8270-21DE115259E7} = {C834CD81-7587-46C5-AB90-DE0186D600F2}
		{18BEAD22-FA05-4C84-A428-5133A5B8877C} = {4A79C55E-7CAA-4D4F-A24D-03C6B4A94999}
		{FD68814B-7176-4564-9950-079279053D0D} = {4A79C55E-7CAA-4D4F-A24D-03C6B4A94999}
		{07BCA401-19F0-4CEE-8D11-83294D893505} = {4A79C55E-7CAA-4D4F-A24D-03C6B4A94999}
		{123AAF66-7983-4609-9833-BB9604086E31} = {4A79C55E-7CAA-4D4F-A24D-03C6B4A94999}
		{5E84C551-2546-4805-991E-B275931E77DA} = {4A79C55E-7CAA-4D4F-A24D-03C6B4A94999}
		{55EDEF98-4CBC-4098-B07E-562E581C8526} = {4A79C55E-7CAA-4D4F-A24D-03C6B4A94999}
		{38688F7D-0480-48D1-A852-F84082702E0F} = {CF126470-D3CB-4FD1-BD43-6B780913B36D}
		{AD5F9289-D55D-42BD-987B-54FC06A71F02} = {CF126470-D3CB-4FD1-BD43-6B780913B36D}
		{04040661-D931-435B-80FF-813A1E823387} = {2E295372-B2CE-4FCA-8AA6-B05E57A507C9}
		{E8CB7379-960F-4703-9FE4-FFEC244A9197} = {2E295372-B2CE-4FCA-8AA6-B05E57A507C9}
		{8A64DF55-F06A-4F4D-A716-0EA8E2FE1528} = {2E295372-B2CE-4FCA-8AA6-B05E57A507C9}
		{BA1D2EB0-B639-41EC-8368-1881309546F0} = {2E295372-B2CE-4FCA-8AA6-B05E57A507C9}
		{D7C0CFDD-E9BD-4C71-AF3B-162302831C5D} = {4A79C55E-7CAA-4D4F-A24D-03C6B4A94999}
		{4A6BF514-5E66-4747-AE49-35598D8BAF4C} = {26B43A6F-FDA9-47EF-8706-4E99E9F47777}
	EndGlobalSection
	GlobalSection(ExtensibilityGlobals) = postSolution
		SolutionGuid = {5ED0AB47-D5B4-4502-A8BF-4C26E1D066FB}
	EndGlobalSection
EndGlobal
