
Microsoft Visual Studio Solution File, Format Version 12.00
# Visual Studio 15
VisualStudioVersion = 15.0.27130.2003
MinimumVisualStudioVersion = 10.0.40219.1
Project("{FAE04EC0-301F-11D3-BF4B-00C04F79EFBC}") = "02-CommandInterpreter", "CommandInterpreter\02-CommandInterpreter.csproj", "{B64118E1-4BD1-4A43-86AD-604C2EAB0D9D}"
EndProject
Project("{FAE04EC0-301F-11D3-BF4B-00C04F79EFBC}") = "03-RageQuit", "03-RageQuit\03-RageQuit.csproj", "{0FC6AC4C-F1EA-43CF-B576-BDE9F42F260E}"
EndProject
Project("{FAE04EC0-301F-11D3-BF4B-00C04F79EFBC}") = "03-FootBallStandings", "03-FootBallStandings\03-FootBallStandings.csproj", "{014D83AF-8F7F-428B-A8AB-51B9938D6038}"
EndProject
Project("{FAE04EC0-301F-11D3-BF4B-00C04F79EFBC}") = "02-PokemonEvolution", "02-PokemonEvolution\02-PokemonEvolution.csproj", "{67D8E35E-FE80-41CE-A9A0-EED9B395E924}"
EndProject
Project("{FAE04EC0-301F-11D3-BF4B-00C04F79EFBC}") = "01-SinoTheWalker", "01-SinoTheWalker\01-SinoTheWalker.csproj", "{4FC8038F-468B-4725-9BC5-13576A293FDE}"
EndProject
Project("{FAE04EC0-301F-11D3-BF4B-00C04F79EFBC}") = "02-SoftUni Karaoke", "02-SoftUni Karaoke\02-SoftUni Karaoke.csproj", "{8B3133D5-854B-4028-99B3-AB6548A90E97}"
EndProject
Project("{FAE04EC0-301F-11D3-BF4B-00C04F79EFBC}") = "04-RoliTheCoder", "04-RoliTheCoder\04-RoliTheCoder.csproj", "{5FDF6893-C14F-412F-93B8-06C410C01EE2}"
EndProject
Project("{FAE04EC0-301F-11D3-BF4B-00C04F79EFBC}") = "03-Portal", "03-Portal\03-Portal.csproj", "{4C536825-2440-47E6-A876-AA50EB62CEB6}"
EndProject
Project("{FAE04EC0-301F-11D3-BF4B-00C04F79EFBC}") = "03-EnduranceRally", "03-EnduranceRally\03-EnduranceRally.csproj", "{DFA0431E-F0D2-498B-BCA4-C85BEE7A8A7C}"
EndProject
Project("{FAE04EC0-301F-11D3-BF4B-00C04F79EFBC}") = "04-WinningTicket", "04-WinningTicket\04-WinningTicket.csproj", "{96C413B9-3FDE-4547-9D94-FF4CBB0828F0}"
EndProject
Project("{FAE04EC0-301F-11D3-BF4B-00C04F79EFBC}") = "01-CharityMarathon", "01-CharityMarathon\01-CharityMarathon.csproj", "{26504F9A-90FB-484E-953B-8F81E7AA2528}"
EndProject
Project("{FAE04EC0-301F-11D3-BF4B-00C04F79EFBC}") = "02-Ladybugs", "02-Ladybugs\02-Ladybugs.csproj", "{686C4AE4-7D12-4AE0-903A-8B2DC3E338A4}"
EndProject
Project("{FAE04EC0-301F-11D3-BF4B-00C04F79EFBC}") = "04-RoliTheCoder2", "04-RoliTheCoder2\04-RoliTheCoder2.csproj", "{A354105C-C7BC-44F5-BCFA-F7C0213D2BFC}"
EndProject
Project("{FAE04EC0-301F-11D3-BF4B-00C04F79EFBC}") = "01-SoftUniCofeeOrders", "01-SoftUniCofeeOrders\01-SoftUniCofeeOrders.csproj", "{16B996FF-8643-4C5B-A3C2-AF54E8AAA869}"
EndProject
Project("{FAE04EC0-301F-11D3-BF4B-00C04F79EFBC}") = "04-Files", "04-Files\04-Files.csproj", "{5BC2D479-4602-4014-86AA-5EB71B6CBCC6}"
EndProject
Project("{FAE04EC0-301F-11D3-BF4B-00C04F79EFBC}") = "01-SweetDessert", "01-SweetDessert\01-SweetDessert.csproj", "{B5B59BAB-E800-4F71-8F26-34770CA6FE87}"
EndProject
Project("{FAE04EC0-301F-11D3-BF4B-00C04F79EFBC}") = "02-ArrayManipulator", "02-ArrayManipulator\02-ArrayManipulator.csproj", "{1F288B18-6502-4085-9E4D-E1CD5B46D055}"
EndProject
Project("{FAE04EC0-301F-11D3-BF4B-00C04F79EFBC}") = "03-FootballLeague", "03-FootballLeague\03-FootballLeague.csproj", "{A2A65DCA-F5D3-4068-AA3A-801D84A376B0}"
EndProject
Project("{FAE04EC0-301F-11D3-BF4B-00C04F79EFBC}") = "04-CubicMessages", "04-CubicMessages\04-CubicMessages.csproj", "{C5C39A54-CDB6-4269-9F93-263E2004886C}"
EndProject
Project("{FAE04EC0-301F-11D3-BF4B-00C04F79EFBC}") = "01-Regexmon", "01-Regexmon\01-Regexmon.csproj", "{0B2976C8-524A-4D19-8314-9CC5E0F0C48F}"
EndProject
Project("{FAE04EC0-301F-11D3-BF4B-00C04F79EFBC}") = "02-HornetComm", "02-HornetComm\02-HornetComm.csproj", "{AA6ADB8C-6592-4DF2-B605-3D9B48CB0467}"
EndProject
Project("{FAE04EC0-301F-11D3-BF4B-00C04F79EFBC}") = "01-TheaTheFotografer", "01-TheaTheFotografer\01-TheaTheFotografer.csproj", "{28550FA3-2150-4C5D-AD25-89A826140CD4}"
EndProject
Project("{FAE04EC0-301F-11D3-BF4B-00C04F79EFBC}") = "02-TrophonTheGrumpyCat", "02-TrophonTheGrumpyCat\02-TrophonTheGrumpyCat.csproj", "{40151C43-4914-47E0-9F76-2B2124C4DA65}"
EndProject
Project("{FAE04EC0-301F-11D3-BF4B-00C04F79EFBC}") = "01-SoftUniAirline1", "01-SoftUniAirline1\01-SoftUniAirline1.csproj", "{15353212-5DC6-4C7D-97E0-21F3596F440E}"
EndProject
Project("{FAE04EC0-301F-11D3-BF4B-00C04F79EFBC}") = "02-SoftUniWaterSupplies", "02-SoftUniWaterSupplies\02-SoftUniWaterSupplies.csproj", "{37888F77-F3D3-4FA7-BCC2-7A936B577033}"
EndProject
Project("{FAE04EC0-301F-11D3-BF4B-00C04F79EFBC}") = "02-SoftUniWaterSupply2", "02-SoftUniWaterSupply2\02-SoftUniWaterSupply2.csproj", "{F56EF945-8FD5-481E-B36E-AC764F29865A}"
EndProject
Project("{FAE04EC0-301F-11D3-BF4B-00C04F79EFBC}") = "03-NetherRealms", "03-NetherRealms\03-NetherRealms.csproj", "{341FA0D1-32DB-4F96-8401-53B2EA1A703E}"
EndProject
Project("{FAE04EC0-301F-11D3-BF4B-00C04F79EFBC}") = "01-PokeMon", "01-PokeMon\01-PokeMon.csproj", "{00E1C446-CD60-4C03-8D28-FE520CBB024F}"
EndProject
Project("{FAE04EC0-301F-11D3-BF4B-00C04F79EFBC}") = "02-PokemonDon'tGo", "02-PokemonDon'tGo\02-PokemonDon'tGo.csproj", "{352DCD41-10A8-4779-B13C-4FB0B23D3A30}"
EndProject
Project("{FAE04EC0-301F-11D3-BF4B-00C04F79EFBC}") = "03-HornetAssault", "03-HornetAssault\03-HornetAssault.csproj", "{D85BE061-D0CD-4CC1-85A7-CA28376B0EE2}"
EndProject
Project("{FAE04EC0-301F-11D3-BF4B-00C04F79EFBC}") = "04-HornetArmada", "04-HornetArmada\04-HornetArmada.csproj", "{AF738763-A84F-453E-A320-CB4A0609DF54}"
EndProject
Project("{FAE04EC0-301F-11D3-BF4B-00C04F79EFBC}") = "DragonArmy", "DragonArmy\DragonArmy.csproj", "{B4FCBDF0-47FB-4C7B-A108-9159D1EB7726}"
EndProject
Project("{FAE04EC0-301F-11D3-BF4B-00C04F79EFBC}") = "СръбскоUnleashed", "СръбскоUnleashed\СръбскоUnleashed.csproj", "{E02C5ED0-A587-4D2C-8BB3-21AEC3FB1CF3}"
EndProject
Project("{FAE04EC0-301F-11D3-BF4B-00C04F79EFBC}") = "LegendaryFarming", "LegendaryFarming\LegendaryFarming.csproj", "{BFFC3AA2-EF16-4BBD-818C-21E791224CC8}"
EndProject
Project("{FAE04EC0-301F-11D3-BF4B-00C04F79EFBC}") = "01-Resurrection", "01-Resurrection\01-Resurrection.csproj", "{5A1422DA-B9FC-4A4E-8382-145941C57C9E}"
EndProject
Project("{FAE04EC0-301F-11D3-BF4B-00C04F79EFBC}") = "03-Phoenix Grid", "03-Phoenix Grid\03-Phoenix Grid.csproj", "{56013850-E4C9-4F1D-89DE-30734ED3DFA5}"
EndProject
Project("{FAE04EC0-301F-11D3-BF4B-00C04F79EFBC}") = "04-Phoenix Oscar Romeo November", "04-Phoenix Oscar Romeo November\04-Phoenix Oscar Romeo November.csproj", "{DCB46E2F-3516-4044-9127-9044B28389E2}"
EndProject
Project("{FAE04EC0-301F-11D3-BF4B-00C04F79EFBC}") = "01-Trainers", "01-Trainers\01-Trainers.csproj", "{509F76E8-450C-49FB-89A0-8D4F3811DE81}"
EndProject
Project("{FAE04EC0-301F-11D3-BF4B-00C04F79EFBC}") = "02-Entertrain", "02-Entertrain\02-Entertrain.csproj", "{ACB0B329-043A-426C-B5AE-D448FD3A1EE5}"
EndProject
Project("{FAE04EC0-301F-11D3-BF4B-00C04F79EFBC}") = "03-Trainegram", "03-Trainegram\03-Trainegram.csproj", "{223340D4-3AF6-4D80-936A-DF3429B6724A}"
EndProject
Project("{FAE04EC0-301F-11D3-BF4B-00C04F79EFBC}") = "04-Trainlands", "04-Trainlands\04-Trainlands.csproj", "{1A763912-DA47-479D-B166-24F20B3DB16B}"
EndProject
Project("{FAE04EC0-301F-11D3-BF4B-00C04F79EFBC}") = "01-SplinterTrip", "01-SplinterTrip\01-SplinterTrip.csproj", "{30F58866-3A13-4E98-874D-348697F84D79}"
EndProject
Project("{FAE04EC0-301F-11D3-BF4B-00C04F79EFBC}") = "02-SpyGram", "02-SpyGram\02-SpyGram.csproj", "{5A8C3667-69A8-4059-9875-A21D19C3DDBB}"
EndProject
Project("{FAE04EC0-301F-11D3-BF4B-00C04F79EFBC}") = "03-Spyfer", "03-Spyfer\03-Spyfer.csproj", "{AFC65699-11DC-4972-A3D9-1DD3A445B71B}"
EndProject
Project("{FAE04EC0-301F-11D3-BF4B-00C04F79EFBC}") = "04-NSA", "04-NSA\04-NSA.csproj", "{160CC2C0-E4C0-4555-BBF7-45C1C746EEA0}"
EndProject
Project("{FAE04EC0-301F-11D3-BF4B-00C04F79EFBC}") = "01-Wormtest", "01-Wormtest\01-Wormtest.csproj", "{D3B75871-34A0-4EC2-80A1-58D49FE0E36B}"
EndProject
Project("{FAE04EC0-301F-11D3-BF4B-00C04F79EFBC}") = "02-WormIpsum", "02-WormIpsum\02-WormIpsum.csproj", "{ACAFFD0A-888B-438E-9218-46FC44353F86}"
EndProject
Project("{FAE04EC0-301F-11D3-BF4B-00C04F79EFBC}") = "03-Wormhole", "03-Wormhole\03-Wormhole.csproj", "{4C49ECFD-B154-4727-8679-F04C6F74B294}"
EndProject
Project("{FAE04EC0-301F-11D3-BF4B-00C04F79EFBC}") = "04-WormsWorldParty", "04-WormsWorldParty\04-WormsWorldParty.csproj", "{33C54E86-8384-4907-9D0E-6D0F6059D781}"
EndProject
Project("{FAE04EC0-301F-11D3-BF4B-00C04F79EFBC}") = "04-WormsWorldParty2", "04-WormsWorldParty2\04-WormsWorldParty2.csproj", "{673BD1F1-2C58-48CC-826F-C7581DD48782}"
EndProject
Project("{FAE04EC0-301F-11D3-BF4B-00C04F79EFBC}") = "04-RoliTheCoder3", "04-RoliTheCoder3\04-RoliTheCoder3.csproj", "{8B31544F-A66B-4E4B-A5E3-4C60917ECBC3}"
EndProject
Project("{FAE04EC0-301F-11D3-BF4B-00C04F79EFBC}") = "02-SoftUniKaraoke2", "02-SoftUniKaraoke2\02-SoftUniKaraoke2.csproj", "{CD4D6151-99BE-4C23-9552-1E0FB22D38A2}"
EndProject
Project("{FAE04EC0-301F-11D3-BF4B-00C04F79EFBC}") = "03-EnduranceRally2", "03-EnduranceRally2\03-EnduranceRally2.csproj", "{1EDCF714-A971-4FD7-8E32-A22ED03A994D}"
EndProject
Project("{FAE04EC0-301F-11D3-BF4B-00C04F79EFBC}") = "02-Ladybugs2", "02-Ladybugs2\02-Ladybugs2.csproj", "{95C6A2AF-9CA9-4603-AAE0-4D3DB8CD24E3}"
EndProject
Project("{FAE04EC0-301F-11D3-BF4B-00C04F79EFBC}") = "04-Files2", "04-Files2\04-Files2.csproj", "{1E6CD9EF-6A04-46DA-9951-90D12FA1612C}"
EndProject
Project("{FAE04EC0-301F-11D3-BF4B-00C04F79EFBC}") = "03-RageQuit2", "03-RageQuit2\03-RageQuit2.csproj", "{6F0A5784-43E9-428A-B39D-4D490F806BF6}"
EndProject
Project("{FAE04EC0-301F-11D3-BF4B-00C04F79EFBC}") = "02-CommandInterpreter2", "02-CommandInterpreter2\02-CommandInterpreter2.csproj", "{D0B797AD-6A2E-44B7-87F0-8A7490527A52}"
EndProject
Project("{FAE04EC0-301F-11D3-BF4B-00C04F79EFBC}") = "02-ArrayManipulator2", "02-ArrayManipulator2\02-ArrayManipulator2.csproj", "{9BC551D8-6DCA-412C-B372-149F2049397C}"
EndProject
Project("{FAE04EC0-301F-11D3-BF4B-00C04F79EFBC}") = "00-AnonymousDownsite", "00-ExamProblem1\00-AnonymousDownsite.csproj", "{2B268C7D-80EF-415A-B3B8-A4827049B3FE}"
EndProject
Project("{FAE04EC0-301F-11D3-BF4B-00C04F79EFBC}") = "00-AnonymousThreat", "00-ExamProblem2\00-AnonymousThreat.csproj", "{14081E0B-76F9-4DD6-A838-6CE9BF1E11E2}"
EndProject
Project("{FAE04EC0-301F-11D3-BF4B-00C04F79EFBC}") = "00-AnonymousVox", "03-ExamProblem3\00-AnonymousVox.csproj", "{AB4BF29F-0328-4F44-BC01-2DE8CFF8DC81}"
EndProject
Project("{FAE04EC0-301F-11D3-BF4B-00C04F79EFBC}") = "00-AnonymousCache", "00-ExamProblem4\00-AnonymousCache.csproj", "{5795A286-B32C-4DFE-A648-36F5D3306928}"
EndProject
Project("{FAE04EC0-301F-11D3-BF4B-00C04F79EFBC}") = "03-NetherRealms3", "03-NetherRealms3\03-NetherRealms3.csproj", "{19D9AFED-8357-490F-938D-628E4A646ACE}"
EndProject
Project("{FAE04EC0-301F-11D3-BF4B-00C04F79EFBC}") = "02-Icarus", "02-Icarus\02-Icarus.csproj", "{5484AAE1-1966-424E-A4AF-060FCBEBCB93}"
EndProject
Project("{FAE04EC0-301F-11D3-BF4B-00C04F79EFBC}") = "04-CubicMessages2", "03-CubicMessages2\04-CubicMessages2.csproj", "{130C4C66-5ADF-4C65-AAE3-8631A209BA90}"
EndProject
Project("{FAE04EC0-301F-11D3-BF4B-00C04F79EFBC}") = "04-PokemonEvolution", "04-PokemonEvolution\04-PokemonEvolution.csproj", "{52F42F0D-046D-40E5-82BF-DE9BC1203FC2}"
EndProject
Project("{FAE04EC0-301F-11D3-BF4B-00C04F79EFBC}") = "00-TEst2", "00-TEst2\00-TEst2.csproj", "{CC993BEE-DAC5-4340-93FF-EFA45D5435B6}"
EndProject
Project("{FAE04EC0-301F-11D3-BF4B-00C04F79EFBC}") = "01-Raindrops", "01-Raindrops\01-Raindrops.csproj", "{E45CD339-0CCA-4D63-A2D9-492CBE869FE4}"
EndProject
Project("{FAE04EC0-301F-11D3-BF4B-00C04F79EFBC}") = "02-Rainer", "02-Rainer\02-Rainer.csproj", "{9875A61D-421F-48B6-B5FB-DF8452B6DE77}"
EndProject
Project("{FAE04EC0-301F-11D3-BF4B-00C04F79EFBC}") = "03-Raincast", "03-Raincast\03-Raincast.csproj", "{4CECF266-9B72-4BEA-8920-F89F2BF6C241}"
EndProject
Project("{FAE04EC0-301F-11D3-BF4B-00C04F79EFBC}") = "04-RainAir", "04-RainAir\04-RainAir.csproj", "{01EF80A8-D3DA-4F59-8E61-91F05B164D94}"
EndProject
Project("{FAE04EC0-301F-11D3-BF4B-00C04F79EFBC}") = "NetherRealms2", "NetherRealms2\NetherRealms2.csproj", "{2920B444-F120-4722-A168-8578AE88B3F2}"
EndProject
Project("{FAE04EC0-301F-11D3-BF4B-00C04F79EFBC}") = "LadyBugs2", "LadyBugs2\LadyBugs2.csproj", "{6E3945C4-019F-4D7C-A5AF-1CD52D96452B}"
EndProject
Project("{FAE04EC0-301F-11D3-BF4B-00C04F79EFBC}") = "RageQuit2", "RageQuit2\RageQuit2.csproj", "{3AD17ACF-808F-4EB4-AAFE-B414EC1F0994}"
EndProject
Project("{FAE04EC0-301F-11D3-BF4B-00C04F79EFBC}") = "Files2", "Files2\Files2.csproj", "{75223F49-0FF5-4D1E-968D-48EBB2B4BC24}"
EndProject
Project("{FAE04EC0-301F-11D3-BF4B-00C04F79EFBC}") = "CommandInterpreter2", "CommandInterpreter2\CommandInterpreter2.csproj", "{73FD7647-66C1-42E0-B904-63B9D5D006CF}"
EndProject
Project("{FAE04EC0-301F-11D3-BF4B-00C04F79EFBC}") = "Regexmon2", "Regexmon2\Regexmon2.csproj", "{1D708148-6601-41FE-AEEC-2CB133AE946A}"
EndProject
Project("{FAE04EC0-301F-11D3-BF4B-00C04F79EFBC}") = "HornetArmada2", "HornetArmada2\HornetArmada2.csproj", "{8066D135-0F49-4395-AC44-E7BEECC28FF9}"
EndProject
Project("{FAE04EC0-301F-11D3-BF4B-00C04F79EFBC}") = "PhoenixGrid2", "PhoenixGrid2\PhoenixGrid2.csproj", "{96ADFE98-96A7-412E-8FD0-FC35CED344C0}"
EndProject
Project("{FAE04EC0-301F-11D3-BF4B-00C04F79EFBC}") = "Trainegram2", "Trainegram2\Trainegram2.csproj", "{7BF5E684-01D2-467F-9974-C23565EF91B2}"
EndProject
Project("{FAE04EC0-301F-11D3-BF4B-00C04F79EFBC}") = "AnonymousVox2", "AnonymousVox2\AnonymousVox2.csproj", "{E59E7988-DB8C-4507-89F1-073DA44154F5}"
EndProject
Project("{FAE04EC0-301F-11D3-BF4B-00C04F79EFBC}") = "00-Snowballs", "00-Exam01\00-Snowballs.csproj", "{989D41A9-B6C7-496E-9FD2-EFC17600BC70}"
EndProject
Project("{FAE04EC0-301F-11D3-BF4B-00C04F79EFBC}") = "00-Snowman", "00-Exam02\00-Snowman.csproj", "{A2A4FDD2-3B0D-4290-9B2B-219FA794A149}"
EndProject
Project("{FAE04EC0-301F-11D3-BF4B-00C04F79EFBC}") = "Snowman2", "Snowman2\Snowman2.csproj", "{5C4FB93F-0987-44D8-B1DC-117E8DF33190}"
EndProject
Project("{FAE04EC0-301F-11D3-BF4B-00C04F79EFBC}") = "00-Snowflake", "00-Exam03\00-Snowflake.csproj", "{AF29B3C3-745D-4A63-806F-B50DB62B0246}"
EndProject
Project("{FAE04EC0-301F-11D3-BF4B-00C04F79EFBC}") = "00-Snowwhite", "00-Snowwhite\00-Snowwhite.csproj", "{1F770A62-B0DE-43C3-9D5A-5CE9F0AF479B}"
EndProject
Global
	GlobalSection(SolutionConfigurationPlatforms) = preSolution
		Debug|Any CPU = Debug|Any CPU
		Release|Any CPU = Release|Any CPU
	EndGlobalSection
	GlobalSection(ProjectConfigurationPlatforms) = postSolution
		{B64118E1-4BD1-4A43-86AD-604C2EAB0D9D}.Debug|Any CPU.ActiveCfg = Debug|Any CPU
		{B64118E1-4BD1-4A43-86AD-604C2EAB0D9D}.Debug|Any CPU.Build.0 = Debug|Any CPU
		{B64118E1-4BD1-4A43-86AD-604C2EAB0D9D}.Release|Any CPU.ActiveCfg = Release|Any CPU
		{B64118E1-4BD1-4A43-86AD-604C2EAB0D9D}.Release|Any CPU.Build.0 = Release|Any CPU
		{0FC6AC4C-F1EA-43CF-B576-BDE9F42F260E}.Debug|Any CPU.ActiveCfg = Debug|Any CPU
		{0FC6AC4C-F1EA-43CF-B576-BDE9F42F260E}.Debug|Any CPU.Build.0 = Debug|Any CPU
		{0FC6AC4C-F1EA-43CF-B576-BDE9F42F260E}.Release|Any CPU.ActiveCfg = Release|Any CPU
		{0FC6AC4C-F1EA-43CF-B576-BDE9F42F260E}.Release|Any CPU.Build.0 = Release|Any CPU
		{014D83AF-8F7F-428B-A8AB-51B9938D6038}.Debug|Any CPU.ActiveCfg = Debug|Any CPU
		{014D83AF-8F7F-428B-A8AB-51B9938D6038}.Debug|Any CPU.Build.0 = Debug|Any CPU
		{014D83AF-8F7F-428B-A8AB-51B9938D6038}.Release|Any CPU.ActiveCfg = Release|Any CPU
		{014D83AF-8F7F-428B-A8AB-51B9938D6038}.Release|Any CPU.Build.0 = Release|Any CPU
		{67D8E35E-FE80-41CE-A9A0-EED9B395E924}.Debug|Any CPU.ActiveCfg = Debug|Any CPU
		{67D8E35E-FE80-41CE-A9A0-EED9B395E924}.Debug|Any CPU.Build.0 = Debug|Any CPU
		{67D8E35E-FE80-41CE-A9A0-EED9B395E924}.Release|Any CPU.ActiveCfg = Release|Any CPU
		{67D8E35E-FE80-41CE-A9A0-EED9B395E924}.Release|Any CPU.Build.0 = Release|Any CPU
		{4FC8038F-468B-4725-9BC5-13576A293FDE}.Debug|Any CPU.ActiveCfg = Debug|Any CPU
		{4FC8038F-468B-4725-9BC5-13576A293FDE}.Debug|Any CPU.Build.0 = Debug|Any CPU
		{4FC8038F-468B-4725-9BC5-13576A293FDE}.Release|Any CPU.ActiveCfg = Release|Any CPU
		{4FC8038F-468B-4725-9BC5-13576A293FDE}.Release|Any CPU.Build.0 = Release|Any CPU
		{8B3133D5-854B-4028-99B3-AB6548A90E97}.Debug|Any CPU.ActiveCfg = Debug|Any CPU
		{8B3133D5-854B-4028-99B3-AB6548A90E97}.Debug|Any CPU.Build.0 = Debug|Any CPU
		{8B3133D5-854B-4028-99B3-AB6548A90E97}.Release|Any CPU.ActiveCfg = Release|Any CPU
		{8B3133D5-854B-4028-99B3-AB6548A90E97}.Release|Any CPU.Build.0 = Release|Any CPU
		{5FDF6893-C14F-412F-93B8-06C410C01EE2}.Debug|Any CPU.ActiveCfg = Debug|Any CPU
		{5FDF6893-C14F-412F-93B8-06C410C01EE2}.Debug|Any CPU.Build.0 = Debug|Any CPU
		{5FDF6893-C14F-412F-93B8-06C410C01EE2}.Release|Any CPU.ActiveCfg = Release|Any CPU
		{5FDF6893-C14F-412F-93B8-06C410C01EE2}.Release|Any CPU.Build.0 = Release|Any CPU
		{4C536825-2440-47E6-A876-AA50EB62CEB6}.Debug|Any CPU.ActiveCfg = Debug|Any CPU
		{4C536825-2440-47E6-A876-AA50EB62CEB6}.Debug|Any CPU.Build.0 = Debug|Any CPU
		{4C536825-2440-47E6-A876-AA50EB62CEB6}.Release|Any CPU.ActiveCfg = Release|Any CPU
		{4C536825-2440-47E6-A876-AA50EB62CEB6}.Release|Any CPU.Build.0 = Release|Any CPU
		{DFA0431E-F0D2-498B-BCA4-C85BEE7A8A7C}.Debug|Any CPU.ActiveCfg = Debug|Any CPU
		{DFA0431E-F0D2-498B-BCA4-C85BEE7A8A7C}.Debug|Any CPU.Build.0 = Debug|Any CPU
		{DFA0431E-F0D2-498B-BCA4-C85BEE7A8A7C}.Release|Any CPU.ActiveCfg = Release|Any CPU
		{DFA0431E-F0D2-498B-BCA4-C85BEE7A8A7C}.Release|Any CPU.Build.0 = Release|Any CPU
		{96C413B9-3FDE-4547-9D94-FF4CBB0828F0}.Debug|Any CPU.ActiveCfg = Debug|Any CPU
		{96C413B9-3FDE-4547-9D94-FF4CBB0828F0}.Debug|Any CPU.Build.0 = Debug|Any CPU
		{96C413B9-3FDE-4547-9D94-FF4CBB0828F0}.Release|Any CPU.ActiveCfg = Release|Any CPU
		{96C413B9-3FDE-4547-9D94-FF4CBB0828F0}.Release|Any CPU.Build.0 = Release|Any CPU
		{26504F9A-90FB-484E-953B-8F81E7AA2528}.Debug|Any CPU.ActiveCfg = Debug|Any CPU
		{26504F9A-90FB-484E-953B-8F81E7AA2528}.Debug|Any CPU.Build.0 = Debug|Any CPU
		{26504F9A-90FB-484E-953B-8F81E7AA2528}.Release|Any CPU.ActiveCfg = Release|Any CPU
		{26504F9A-90FB-484E-953B-8F81E7AA2528}.Release|Any CPU.Build.0 = Release|Any CPU
		{686C4AE4-7D12-4AE0-903A-8B2DC3E338A4}.Debug|Any CPU.ActiveCfg = Debug|Any CPU
		{686C4AE4-7D12-4AE0-903A-8B2DC3E338A4}.Debug|Any CPU.Build.0 = Debug|Any CPU
		{686C4AE4-7D12-4AE0-903A-8B2DC3E338A4}.Release|Any CPU.ActiveCfg = Release|Any CPU
		{686C4AE4-7D12-4AE0-903A-8B2DC3E338A4}.Release|Any CPU.Build.0 = Release|Any CPU
		{A354105C-C7BC-44F5-BCFA-F7C0213D2BFC}.Debug|Any CPU.ActiveCfg = Debug|Any CPU
		{A354105C-C7BC-44F5-BCFA-F7C0213D2BFC}.Debug|Any CPU.Build.0 = Debug|Any CPU
		{A354105C-C7BC-44F5-BCFA-F7C0213D2BFC}.Release|Any CPU.ActiveCfg = Release|Any CPU
		{A354105C-C7BC-44F5-BCFA-F7C0213D2BFC}.Release|Any CPU.Build.0 = Release|Any CPU
		{16B996FF-8643-4C5B-A3C2-AF54E8AAA869}.Debug|Any CPU.ActiveCfg = Debug|Any CPU
		{16B996FF-8643-4C5B-A3C2-AF54E8AAA869}.Debug|Any CPU.Build.0 = Debug|Any CPU
		{16B996FF-8643-4C5B-A3C2-AF54E8AAA869}.Release|Any CPU.ActiveCfg = Release|Any CPU
		{16B996FF-8643-4C5B-A3C2-AF54E8AAA869}.Release|Any CPU.Build.0 = Release|Any CPU
		{5BC2D479-4602-4014-86AA-5EB71B6CBCC6}.Debug|Any CPU.ActiveCfg = Debug|Any CPU
		{5BC2D479-4602-4014-86AA-5EB71B6CBCC6}.Debug|Any CPU.Build.0 = Debug|Any CPU
		{5BC2D479-4602-4014-86AA-5EB71B6CBCC6}.Release|Any CPU.ActiveCfg = Release|Any CPU
		{5BC2D479-4602-4014-86AA-5EB71B6CBCC6}.Release|Any CPU.Build.0 = Release|Any CPU
		{B5B59BAB-E800-4F71-8F26-34770CA6FE87}.Debug|Any CPU.ActiveCfg = Debug|Any CPU
		{B5B59BAB-E800-4F71-8F26-34770CA6FE87}.Debug|Any CPU.Build.0 = Debug|Any CPU
		{B5B59BAB-E800-4F71-8F26-34770CA6FE87}.Release|Any CPU.ActiveCfg = Release|Any CPU
		{B5B59BAB-E800-4F71-8F26-34770CA6FE87}.Release|Any CPU.Build.0 = Release|Any CPU
		{1F288B18-6502-4085-9E4D-E1CD5B46D055}.Debug|Any CPU.ActiveCfg = Debug|Any CPU
		{1F288B18-6502-4085-9E4D-E1CD5B46D055}.Debug|Any CPU.Build.0 = Debug|Any CPU
		{1F288B18-6502-4085-9E4D-E1CD5B46D055}.Release|Any CPU.ActiveCfg = Release|Any CPU
		{1F288B18-6502-4085-9E4D-E1CD5B46D055}.Release|Any CPU.Build.0 = Release|Any CPU
		{A2A65DCA-F5D3-4068-AA3A-801D84A376B0}.Debug|Any CPU.ActiveCfg = Debug|Any CPU
		{A2A65DCA-F5D3-4068-AA3A-801D84A376B0}.Debug|Any CPU.Build.0 = Debug|Any CPU
		{A2A65DCA-F5D3-4068-AA3A-801D84A376B0}.Release|Any CPU.ActiveCfg = Release|Any CPU
		{A2A65DCA-F5D3-4068-AA3A-801D84A376B0}.Release|Any CPU.Build.0 = Release|Any CPU
		{C5C39A54-CDB6-4269-9F93-263E2004886C}.Debug|Any CPU.ActiveCfg = Debug|Any CPU
		{C5C39A54-CDB6-4269-9F93-263E2004886C}.Debug|Any CPU.Build.0 = Debug|Any CPU
		{C5C39A54-CDB6-4269-9F93-263E2004886C}.Release|Any CPU.ActiveCfg = Release|Any CPU
		{C5C39A54-CDB6-4269-9F93-263E2004886C}.Release|Any CPU.Build.0 = Release|Any CPU
		{0B2976C8-524A-4D19-8314-9CC5E0F0C48F}.Debug|Any CPU.ActiveCfg = Debug|Any CPU
		{0B2976C8-524A-4D19-8314-9CC5E0F0C48F}.Debug|Any CPU.Build.0 = Debug|Any CPU
		{0B2976C8-524A-4D19-8314-9CC5E0F0C48F}.Release|Any CPU.ActiveCfg = Release|Any CPU
		{0B2976C8-524A-4D19-8314-9CC5E0F0C48F}.Release|Any CPU.Build.0 = Release|Any CPU
		{AA6ADB8C-6592-4DF2-B605-3D9B48CB0467}.Debug|Any CPU.ActiveCfg = Debug|Any CPU
		{AA6ADB8C-6592-4DF2-B605-3D9B48CB0467}.Debug|Any CPU.Build.0 = Debug|Any CPU
		{AA6ADB8C-6592-4DF2-B605-3D9B48CB0467}.Release|Any CPU.ActiveCfg = Release|Any CPU
		{AA6ADB8C-6592-4DF2-B605-3D9B48CB0467}.Release|Any CPU.Build.0 = Release|Any CPU
		{28550FA3-2150-4C5D-AD25-89A826140CD4}.Debug|Any CPU.ActiveCfg = Debug|Any CPU
		{28550FA3-2150-4C5D-AD25-89A826140CD4}.Debug|Any CPU.Build.0 = Debug|Any CPU
		{28550FA3-2150-4C5D-AD25-89A826140CD4}.Release|Any CPU.ActiveCfg = Release|Any CPU
		{28550FA3-2150-4C5D-AD25-89A826140CD4}.Release|Any CPU.Build.0 = Release|Any CPU
		{40151C43-4914-47E0-9F76-2B2124C4DA65}.Debug|Any CPU.ActiveCfg = Debug|Any CPU
		{40151C43-4914-47E0-9F76-2B2124C4DA65}.Debug|Any CPU.Build.0 = Debug|Any CPU
		{40151C43-4914-47E0-9F76-2B2124C4DA65}.Release|Any CPU.ActiveCfg = Release|Any CPU
		{40151C43-4914-47E0-9F76-2B2124C4DA65}.Release|Any CPU.Build.0 = Release|Any CPU
		{15353212-5DC6-4C7D-97E0-21F3596F440E}.Debug|Any CPU.ActiveCfg = Debug|Any CPU
		{15353212-5DC6-4C7D-97E0-21F3596F440E}.Debug|Any CPU.Build.0 = Debug|Any CPU
		{15353212-5DC6-4C7D-97E0-21F3596F440E}.Release|Any CPU.ActiveCfg = Release|Any CPU
		{15353212-5DC6-4C7D-97E0-21F3596F440E}.Release|Any CPU.Build.0 = Release|Any CPU
		{37888F77-F3D3-4FA7-BCC2-7A936B577033}.Debug|Any CPU.ActiveCfg = Debug|Any CPU
		{37888F77-F3D3-4FA7-BCC2-7A936B577033}.Debug|Any CPU.Build.0 = Debug|Any CPU
		{37888F77-F3D3-4FA7-BCC2-7A936B577033}.Release|Any CPU.ActiveCfg = Release|Any CPU
		{37888F77-F3D3-4FA7-BCC2-7A936B577033}.Release|Any CPU.Build.0 = Release|Any CPU
		{F56EF945-8FD5-481E-B36E-AC764F29865A}.Debug|Any CPU.ActiveCfg = Debug|Any CPU
		{F56EF945-8FD5-481E-B36E-AC764F29865A}.Debug|Any CPU.Build.0 = Debug|Any CPU
		{F56EF945-8FD5-481E-B36E-AC764F29865A}.Release|Any CPU.ActiveCfg = Release|Any CPU
		{F56EF945-8FD5-481E-B36E-AC764F29865A}.Release|Any CPU.Build.0 = Release|Any CPU
		{341FA0D1-32DB-4F96-8401-53B2EA1A703E}.Debug|Any CPU.ActiveCfg = Debug|Any CPU
		{341FA0D1-32DB-4F96-8401-53B2EA1A703E}.Debug|Any CPU.Build.0 = Debug|Any CPU
		{341FA0D1-32DB-4F96-8401-53B2EA1A703E}.Release|Any CPU.ActiveCfg = Release|Any CPU
		{341FA0D1-32DB-4F96-8401-53B2EA1A703E}.Release|Any CPU.Build.0 = Release|Any CPU
		{00E1C446-CD60-4C03-8D28-FE520CBB024F}.Debug|Any CPU.ActiveCfg = Debug|Any CPU
		{00E1C446-CD60-4C03-8D28-FE520CBB024F}.Debug|Any CPU.Build.0 = Debug|Any CPU
		{00E1C446-CD60-4C03-8D28-FE520CBB024F}.Release|Any CPU.ActiveCfg = Release|Any CPU
		{00E1C446-CD60-4C03-8D28-FE520CBB024F}.Release|Any CPU.Build.0 = Release|Any CPU
		{352DCD41-10A8-4779-B13C-4FB0B23D3A30}.Debug|Any CPU.ActiveCfg = Debug|Any CPU
		{352DCD41-10A8-4779-B13C-4FB0B23D3A30}.Debug|Any CPU.Build.0 = Debug|Any CPU
		{352DCD41-10A8-4779-B13C-4FB0B23D3A30}.Release|Any CPU.ActiveCfg = Release|Any CPU
		{352DCD41-10A8-4779-B13C-4FB0B23D3A30}.Release|Any CPU.Build.0 = Release|Any CPU
		{D85BE061-D0CD-4CC1-85A7-CA28376B0EE2}.Debug|Any CPU.ActiveCfg = Debug|Any CPU
		{D85BE061-D0CD-4CC1-85A7-CA28376B0EE2}.Debug|Any CPU.Build.0 = Debug|Any CPU
		{D85BE061-D0CD-4CC1-85A7-CA28376B0EE2}.Release|Any CPU.ActiveCfg = Release|Any CPU
		{D85BE061-D0CD-4CC1-85A7-CA28376B0EE2}.Release|Any CPU.Build.0 = Release|Any CPU
		{AF738763-A84F-453E-A320-CB4A0609DF54}.Debug|Any CPU.ActiveCfg = Debug|Any CPU
		{AF738763-A84F-453E-A320-CB4A0609DF54}.Debug|Any CPU.Build.0 = Debug|Any CPU
		{AF738763-A84F-453E-A320-CB4A0609DF54}.Release|Any CPU.ActiveCfg = Release|Any CPU
		{AF738763-A84F-453E-A320-CB4A0609DF54}.Release|Any CPU.Build.0 = Release|Any CPU
		{B4FCBDF0-47FB-4C7B-A108-9159D1EB7726}.Debug|Any CPU.ActiveCfg = Debug|Any CPU
		{B4FCBDF0-47FB-4C7B-A108-9159D1EB7726}.Debug|Any CPU.Build.0 = Debug|Any CPU
		{B4FCBDF0-47FB-4C7B-A108-9159D1EB7726}.Release|Any CPU.ActiveCfg = Release|Any CPU
		{B4FCBDF0-47FB-4C7B-A108-9159D1EB7726}.Release|Any CPU.Build.0 = Release|Any CPU
		{E02C5ED0-A587-4D2C-8BB3-21AEC3FB1CF3}.Debug|Any CPU.ActiveCfg = Debug|Any CPU
		{E02C5ED0-A587-4D2C-8BB3-21AEC3FB1CF3}.Debug|Any CPU.Build.0 = Debug|Any CPU
		{E02C5ED0-A587-4D2C-8BB3-21AEC3FB1CF3}.Release|Any CPU.ActiveCfg = Release|Any CPU
		{E02C5ED0-A587-4D2C-8BB3-21AEC3FB1CF3}.Release|Any CPU.Build.0 = Release|Any CPU
		{BFFC3AA2-EF16-4BBD-818C-21E791224CC8}.Debug|Any CPU.ActiveCfg = Debug|Any CPU
		{BFFC3AA2-EF16-4BBD-818C-21E791224CC8}.Debug|Any CPU.Build.0 = Debug|Any CPU
		{BFFC3AA2-EF16-4BBD-818C-21E791224CC8}.Release|Any CPU.ActiveCfg = Release|Any CPU
		{BFFC3AA2-EF16-4BBD-818C-21E791224CC8}.Release|Any CPU.Build.0 = Release|Any CPU
		{5A1422DA-B9FC-4A4E-8382-145941C57C9E}.Debug|Any CPU.ActiveCfg = Debug|Any CPU
		{5A1422DA-B9FC-4A4E-8382-145941C57C9E}.Debug|Any CPU.Build.0 = Debug|Any CPU
		{5A1422DA-B9FC-4A4E-8382-145941C57C9E}.Release|Any CPU.ActiveCfg = Release|Any CPU
		{5A1422DA-B9FC-4A4E-8382-145941C57C9E}.Release|Any CPU.Build.0 = Release|Any CPU
		{56013850-E4C9-4F1D-89DE-30734ED3DFA5}.Debug|Any CPU.ActiveCfg = Debug|Any CPU
		{56013850-E4C9-4F1D-89DE-30734ED3DFA5}.Debug|Any CPU.Build.0 = Debug|Any CPU
		{56013850-E4C9-4F1D-89DE-30734ED3DFA5}.Release|Any CPU.ActiveCfg = Release|Any CPU
		{56013850-E4C9-4F1D-89DE-30734ED3DFA5}.Release|Any CPU.Build.0 = Release|Any CPU
		{DCB46E2F-3516-4044-9127-9044B28389E2}.Debug|Any CPU.ActiveCfg = Debug|Any CPU
		{DCB46E2F-3516-4044-9127-9044B28389E2}.Debug|Any CPU.Build.0 = Debug|Any CPU
		{DCB46E2F-3516-4044-9127-9044B28389E2}.Release|Any CPU.ActiveCfg = Release|Any CPU
		{DCB46E2F-3516-4044-9127-9044B28389E2}.Release|Any CPU.Build.0 = Release|Any CPU
		{509F76E8-450C-49FB-89A0-8D4F3811DE81}.Debug|Any CPU.ActiveCfg = Debug|Any CPU
		{509F76E8-450C-49FB-89A0-8D4F3811DE81}.Debug|Any CPU.Build.0 = Debug|Any CPU
		{509F76E8-450C-49FB-89A0-8D4F3811DE81}.Release|Any CPU.ActiveCfg = Release|Any CPU
		{509F76E8-450C-49FB-89A0-8D4F3811DE81}.Release|Any CPU.Build.0 = Release|Any CPU
		{ACB0B329-043A-426C-B5AE-D448FD3A1EE5}.Debug|Any CPU.ActiveCfg = Debug|Any CPU
		{ACB0B329-043A-426C-B5AE-D448FD3A1EE5}.Debug|Any CPU.Build.0 = Debug|Any CPU
		{ACB0B329-043A-426C-B5AE-D448FD3A1EE5}.Release|Any CPU.ActiveCfg = Release|Any CPU
		{ACB0B329-043A-426C-B5AE-D448FD3A1EE5}.Release|Any CPU.Build.0 = Release|Any CPU
		{223340D4-3AF6-4D80-936A-DF3429B6724A}.Debug|Any CPU.ActiveCfg = Debug|Any CPU
		{223340D4-3AF6-4D80-936A-DF3429B6724A}.Debug|Any CPU.Build.0 = Debug|Any CPU
		{223340D4-3AF6-4D80-936A-DF3429B6724A}.Release|Any CPU.ActiveCfg = Release|Any CPU
		{223340D4-3AF6-4D80-936A-DF3429B6724A}.Release|Any CPU.Build.0 = Release|Any CPU
		{1A763912-DA47-479D-B166-24F20B3DB16B}.Debug|Any CPU.ActiveCfg = Debug|Any CPU
		{1A763912-DA47-479D-B166-24F20B3DB16B}.Debug|Any CPU.Build.0 = Debug|Any CPU
		{1A763912-DA47-479D-B166-24F20B3DB16B}.Release|Any CPU.ActiveCfg = Release|Any CPU
		{1A763912-DA47-479D-B166-24F20B3DB16B}.Release|Any CPU.Build.0 = Release|Any CPU
		{30F58866-3A13-4E98-874D-348697F84D79}.Debug|Any CPU.ActiveCfg = Debug|Any CPU
		{30F58866-3A13-4E98-874D-348697F84D79}.Debug|Any CPU.Build.0 = Debug|Any CPU
		{30F58866-3A13-4E98-874D-348697F84D79}.Release|Any CPU.ActiveCfg = Release|Any CPU
		{30F58866-3A13-4E98-874D-348697F84D79}.Release|Any CPU.Build.0 = Release|Any CPU
		{5A8C3667-69A8-4059-9875-A21D19C3DDBB}.Debug|Any CPU.ActiveCfg = Debug|Any CPU
		{5A8C3667-69A8-4059-9875-A21D19C3DDBB}.Debug|Any CPU.Build.0 = Debug|Any CPU
		{5A8C3667-69A8-4059-9875-A21D19C3DDBB}.Release|Any CPU.ActiveCfg = Release|Any CPU
		{5A8C3667-69A8-4059-9875-A21D19C3DDBB}.Release|Any CPU.Build.0 = Release|Any CPU
		{AFC65699-11DC-4972-A3D9-1DD3A445B71B}.Debug|Any CPU.ActiveCfg = Debug|Any CPU
		{AFC65699-11DC-4972-A3D9-1DD3A445B71B}.Debug|Any CPU.Build.0 = Debug|Any CPU
		{AFC65699-11DC-4972-A3D9-1DD3A445B71B}.Release|Any CPU.ActiveCfg = Release|Any CPU
		{AFC65699-11DC-4972-A3D9-1DD3A445B71B}.Release|Any CPU.Build.0 = Release|Any CPU
		{160CC2C0-E4C0-4555-BBF7-45C1C746EEA0}.Debug|Any CPU.ActiveCfg = Debug|Any CPU
		{160CC2C0-E4C0-4555-BBF7-45C1C746EEA0}.Debug|Any CPU.Build.0 = Debug|Any CPU
		{160CC2C0-E4C0-4555-BBF7-45C1C746EEA0}.Release|Any CPU.ActiveCfg = Release|Any CPU
		{160CC2C0-E4C0-4555-BBF7-45C1C746EEA0}.Release|Any CPU.Build.0 = Release|Any CPU
		{D3B75871-34A0-4EC2-80A1-58D49FE0E36B}.Debug|Any CPU.ActiveCfg = Debug|Any CPU
		{D3B75871-34A0-4EC2-80A1-58D49FE0E36B}.Debug|Any CPU.Build.0 = Debug|Any CPU
		{D3B75871-34A0-4EC2-80A1-58D49FE0E36B}.Release|Any CPU.ActiveCfg = Release|Any CPU
		{D3B75871-34A0-4EC2-80A1-58D49FE0E36B}.Release|Any CPU.Build.0 = Release|Any CPU
		{ACAFFD0A-888B-438E-9218-46FC44353F86}.Debug|Any CPU.ActiveCfg = Debug|Any CPU
		{ACAFFD0A-888B-438E-9218-46FC44353F86}.Debug|Any CPU.Build.0 = Debug|Any CPU
		{ACAFFD0A-888B-438E-9218-46FC44353F86}.Release|Any CPU.ActiveCfg = Release|Any CPU
		{ACAFFD0A-888B-438E-9218-46FC44353F86}.Release|Any CPU.Build.0 = Release|Any CPU
		{4C49ECFD-B154-4727-8679-F04C6F74B294}.Debug|Any CPU.ActiveCfg = Debug|Any CPU
		{4C49ECFD-B154-4727-8679-F04C6F74B294}.Debug|Any CPU.Build.0 = Debug|Any CPU
		{4C49ECFD-B154-4727-8679-F04C6F74B294}.Release|Any CPU.ActiveCfg = Release|Any CPU
		{4C49ECFD-B154-4727-8679-F04C6F74B294}.Release|Any CPU.Build.0 = Release|Any CPU
		{33C54E86-8384-4907-9D0E-6D0F6059D781}.Debug|Any CPU.ActiveCfg = Debug|Any CPU
		{33C54E86-8384-4907-9D0E-6D0F6059D781}.Debug|Any CPU.Build.0 = Debug|Any CPU
		{33C54E86-8384-4907-9D0E-6D0F6059D781}.Release|Any CPU.ActiveCfg = Release|Any CPU
		{33C54E86-8384-4907-9D0E-6D0F6059D781}.Release|Any CPU.Build.0 = Release|Any CPU
		{673BD1F1-2C58-48CC-826F-C7581DD48782}.Debug|Any CPU.ActiveCfg = Debug|Any CPU
		{673BD1F1-2C58-48CC-826F-C7581DD48782}.Debug|Any CPU.Build.0 = Debug|Any CPU
		{673BD1F1-2C58-48CC-826F-C7581DD48782}.Release|Any CPU.ActiveCfg = Release|Any CPU
		{673BD1F1-2C58-48CC-826F-C7581DD48782}.Release|Any CPU.Build.0 = Release|Any CPU
		{8B31544F-A66B-4E4B-A5E3-4C60917ECBC3}.Debug|Any CPU.ActiveCfg = Debug|Any CPU
		{8B31544F-A66B-4E4B-A5E3-4C60917ECBC3}.Debug|Any CPU.Build.0 = Debug|Any CPU
		{8B31544F-A66B-4E4B-A5E3-4C60917ECBC3}.Release|Any CPU.ActiveCfg = Release|Any CPU
		{8B31544F-A66B-4E4B-A5E3-4C60917ECBC3}.Release|Any CPU.Build.0 = Release|Any CPU
		{CD4D6151-99BE-4C23-9552-1E0FB22D38A2}.Debug|Any CPU.ActiveCfg = Debug|Any CPU
		{CD4D6151-99BE-4C23-9552-1E0FB22D38A2}.Debug|Any CPU.Build.0 = Debug|Any CPU
		{CD4D6151-99BE-4C23-9552-1E0FB22D38A2}.Release|Any CPU.ActiveCfg = Release|Any CPU
		{CD4D6151-99BE-4C23-9552-1E0FB22D38A2}.Release|Any CPU.Build.0 = Release|Any CPU
		{1EDCF714-A971-4FD7-8E32-A22ED03A994D}.Debug|Any CPU.ActiveCfg = Debug|Any CPU
		{1EDCF714-A971-4FD7-8E32-A22ED03A994D}.Debug|Any CPU.Build.0 = Debug|Any CPU
		{1EDCF714-A971-4FD7-8E32-A22ED03A994D}.Release|Any CPU.ActiveCfg = Release|Any CPU
		{1EDCF714-A971-4FD7-8E32-A22ED03A994D}.Release|Any CPU.Build.0 = Release|Any CPU
		{95C6A2AF-9CA9-4603-AAE0-4D3DB8CD24E3}.Debug|Any CPU.ActiveCfg = Debug|Any CPU
		{95C6A2AF-9CA9-4603-AAE0-4D3DB8CD24E3}.Debug|Any CPU.Build.0 = Debug|Any CPU
		{95C6A2AF-9CA9-4603-AAE0-4D3DB8CD24E3}.Release|Any CPU.ActiveCfg = Release|Any CPU
		{95C6A2AF-9CA9-4603-AAE0-4D3DB8CD24E3}.Release|Any CPU.Build.0 = Release|Any CPU
		{1E6CD9EF-6A04-46DA-9951-90D12FA1612C}.Debug|Any CPU.ActiveCfg = Debug|Any CPU
		{1E6CD9EF-6A04-46DA-9951-90D12FA1612C}.Debug|Any CPU.Build.0 = Debug|Any CPU
		{1E6CD9EF-6A04-46DA-9951-90D12FA1612C}.Release|Any CPU.ActiveCfg = Release|Any CPU
		{1E6CD9EF-6A04-46DA-9951-90D12FA1612C}.Release|Any CPU.Build.0 = Release|Any CPU
		{6F0A5784-43E9-428A-B39D-4D490F806BF6}.Debug|Any CPU.ActiveCfg = Debug|Any CPU
		{6F0A5784-43E9-428A-B39D-4D490F806BF6}.Debug|Any CPU.Build.0 = Debug|Any CPU
		{6F0A5784-43E9-428A-B39D-4D490F806BF6}.Release|Any CPU.ActiveCfg = Release|Any CPU
		{6F0A5784-43E9-428A-B39D-4D490F806BF6}.Release|Any CPU.Build.0 = Release|Any CPU
		{D0B797AD-6A2E-44B7-87F0-8A7490527A52}.Debug|Any CPU.ActiveCfg = Debug|Any CPU
		{D0B797AD-6A2E-44B7-87F0-8A7490527A52}.Debug|Any CPU.Build.0 = Debug|Any CPU
		{D0B797AD-6A2E-44B7-87F0-8A7490527A52}.Release|Any CPU.ActiveCfg = Release|Any CPU
		{D0B797AD-6A2E-44B7-87F0-8A7490527A52}.Release|Any CPU.Build.0 = Release|Any CPU
		{9BC551D8-6DCA-412C-B372-149F2049397C}.Debug|Any CPU.ActiveCfg = Debug|Any CPU
		{9BC551D8-6DCA-412C-B372-149F2049397C}.Debug|Any CPU.Build.0 = Debug|Any CPU
		{9BC551D8-6DCA-412C-B372-149F2049397C}.Release|Any CPU.ActiveCfg = Release|Any CPU
		{9BC551D8-6DCA-412C-B372-149F2049397C}.Release|Any CPU.Build.0 = Release|Any CPU
		{2B268C7D-80EF-415A-B3B8-A4827049B3FE}.Debug|Any CPU.ActiveCfg = Debug|Any CPU
		{2B268C7D-80EF-415A-B3B8-A4827049B3FE}.Debug|Any CPU.Build.0 = Debug|Any CPU
		{2B268C7D-80EF-415A-B3B8-A4827049B3FE}.Release|Any CPU.ActiveCfg = Release|Any CPU
		{2B268C7D-80EF-415A-B3B8-A4827049B3FE}.Release|Any CPU.Build.0 = Release|Any CPU
		{14081E0B-76F9-4DD6-A838-6CE9BF1E11E2}.Debug|Any CPU.ActiveCfg = Debug|Any CPU
		{14081E0B-76F9-4DD6-A838-6CE9BF1E11E2}.Debug|Any CPU.Build.0 = Debug|Any CPU
		{14081E0B-76F9-4DD6-A838-6CE9BF1E11E2}.Release|Any CPU.ActiveCfg = Release|Any CPU
		{14081E0B-76F9-4DD6-A838-6CE9BF1E11E2}.Release|Any CPU.Build.0 = Release|Any CPU
		{AB4BF29F-0328-4F44-BC01-2DE8CFF8DC81}.Debug|Any CPU.ActiveCfg = Debug|Any CPU
		{AB4BF29F-0328-4F44-BC01-2DE8CFF8DC81}.Debug|Any CPU.Build.0 = Debug|Any CPU
		{AB4BF29F-0328-4F44-BC01-2DE8CFF8DC81}.Release|Any CPU.ActiveCfg = Release|Any CPU
		{AB4BF29F-0328-4F44-BC01-2DE8CFF8DC81}.Release|Any CPU.Build.0 = Release|Any CPU
		{5795A286-B32C-4DFE-A648-36F5D3306928}.Debug|Any CPU.ActiveCfg = Debug|Any CPU
		{5795A286-B32C-4DFE-A648-36F5D3306928}.Debug|Any CPU.Build.0 = Debug|Any CPU
		{5795A286-B32C-4DFE-A648-36F5D3306928}.Release|Any CPU.ActiveCfg = Release|Any CPU
		{5795A286-B32C-4DFE-A648-36F5D3306928}.Release|Any CPU.Build.0 = Release|Any CPU
		{19D9AFED-8357-490F-938D-628E4A646ACE}.Debug|Any CPU.ActiveCfg = Debug|Any CPU
		{19D9AFED-8357-490F-938D-628E4A646ACE}.Debug|Any CPU.Build.0 = Debug|Any CPU
		{19D9AFED-8357-490F-938D-628E4A646ACE}.Release|Any CPU.ActiveCfg = Release|Any CPU
		{19D9AFED-8357-490F-938D-628E4A646ACE}.Release|Any CPU.Build.0 = Release|Any CPU
		{5484AAE1-1966-424E-A4AF-060FCBEBCB93}.Debug|Any CPU.ActiveCfg = Debug|Any CPU
		{5484AAE1-1966-424E-A4AF-060FCBEBCB93}.Debug|Any CPU.Build.0 = Debug|Any CPU
		{5484AAE1-1966-424E-A4AF-060FCBEBCB93}.Release|Any CPU.ActiveCfg = Release|Any CPU
		{5484AAE1-1966-424E-A4AF-060FCBEBCB93}.Release|Any CPU.Build.0 = Release|Any CPU
		{130C4C66-5ADF-4C65-AAE3-8631A209BA90}.Debug|Any CPU.ActiveCfg = Debug|Any CPU
		{130C4C66-5ADF-4C65-AAE3-8631A209BA90}.Debug|Any CPU.Build.0 = Debug|Any CPU
		{130C4C66-5ADF-4C65-AAE3-8631A209BA90}.Release|Any CPU.ActiveCfg = Release|Any CPU
		{130C4C66-5ADF-4C65-AAE3-8631A209BA90}.Release|Any CPU.Build.0 = Release|Any CPU
		{52F42F0D-046D-40E5-82BF-DE9BC1203FC2}.Debug|Any CPU.ActiveCfg = Debug|Any CPU
		{52F42F0D-046D-40E5-82BF-DE9BC1203FC2}.Debug|Any CPU.Build.0 = Debug|Any CPU
		{52F42F0D-046D-40E5-82BF-DE9BC1203FC2}.Release|Any CPU.ActiveCfg = Release|Any CPU
		{52F42F0D-046D-40E5-82BF-DE9BC1203FC2}.Release|Any CPU.Build.0 = Release|Any CPU
		{CC993BEE-DAC5-4340-93FF-EFA45D5435B6}.Debug|Any CPU.ActiveCfg = Debug|Any CPU
		{CC993BEE-DAC5-4340-93FF-EFA45D5435B6}.Debug|Any CPU.Build.0 = Debug|Any CPU
		{CC993BEE-DAC5-4340-93FF-EFA45D5435B6}.Release|Any CPU.ActiveCfg = Release|Any CPU
		{CC993BEE-DAC5-4340-93FF-EFA45D5435B6}.Release|Any CPU.Build.0 = Release|Any CPU
		{E45CD339-0CCA-4D63-A2D9-492CBE869FE4}.Debug|Any CPU.ActiveCfg = Debug|Any CPU
		{E45CD339-0CCA-4D63-A2D9-492CBE869FE4}.Debug|Any CPU.Build.0 = Debug|Any CPU
		{E45CD339-0CCA-4D63-A2D9-492CBE869FE4}.Release|Any CPU.ActiveCfg = Release|Any CPU
		{E45CD339-0CCA-4D63-A2D9-492CBE869FE4}.Release|Any CPU.Build.0 = Release|Any CPU
		{9875A61D-421F-48B6-B5FB-DF8452B6DE77}.Debug|Any CPU.ActiveCfg = Debug|Any CPU
		{9875A61D-421F-48B6-B5FB-DF8452B6DE77}.Debug|Any CPU.Build.0 = Debug|Any CPU
		{9875A61D-421F-48B6-B5FB-DF8452B6DE77}.Release|Any CPU.ActiveCfg = Release|Any CPU
		{9875A61D-421F-48B6-B5FB-DF8452B6DE77}.Release|Any CPU.Build.0 = Release|Any CPU
		{4CECF266-9B72-4BEA-8920-F89F2BF6C241}.Debug|Any CPU.ActiveCfg = Debug|Any CPU
		{4CECF266-9B72-4BEA-8920-F89F2BF6C241}.Debug|Any CPU.Build.0 = Debug|Any CPU
		{4CECF266-9B72-4BEA-8920-F89F2BF6C241}.Release|Any CPU.ActiveCfg = Release|Any CPU
		{4CECF266-9B72-4BEA-8920-F89F2BF6C241}.Release|Any CPU.Build.0 = Release|Any CPU
		{01EF80A8-D3DA-4F59-8E61-91F05B164D94}.Debug|Any CPU.ActiveCfg = Debug|Any CPU
		{01EF80A8-D3DA-4F59-8E61-91F05B164D94}.Debug|Any CPU.Build.0 = Debug|Any CPU
		{01EF80A8-D3DA-4F59-8E61-91F05B164D94}.Release|Any CPU.ActiveCfg = Release|Any CPU
		{01EF80A8-D3DA-4F59-8E61-91F05B164D94}.Release|Any CPU.Build.0 = Release|Any CPU
		{2920B444-F120-4722-A168-8578AE88B3F2}.Debug|Any CPU.ActiveCfg = Debug|Any CPU
		{2920B444-F120-4722-A168-8578AE88B3F2}.Debug|Any CPU.Build.0 = Debug|Any CPU
		{2920B444-F120-4722-A168-8578AE88B3F2}.Release|Any CPU.ActiveCfg = Release|Any CPU
		{2920B444-F120-4722-A168-8578AE88B3F2}.Release|Any CPU.Build.0 = Release|Any CPU
		{6E3945C4-019F-4D7C-A5AF-1CD52D96452B}.Debug|Any CPU.ActiveCfg = Debug|Any CPU
		{6E3945C4-019F-4D7C-A5AF-1CD52D96452B}.Debug|Any CPU.Build.0 = Debug|Any CPU
		{6E3945C4-019F-4D7C-A5AF-1CD52D96452B}.Release|Any CPU.ActiveCfg = Release|Any CPU
		{6E3945C4-019F-4D7C-A5AF-1CD52D96452B}.Release|Any CPU.Build.0 = Release|Any CPU
		{3AD17ACF-808F-4EB4-AAFE-B414EC1F0994}.Debug|Any CPU.ActiveCfg = Debug|Any CPU
		{3AD17ACF-808F-4EB4-AAFE-B414EC1F0994}.Debug|Any CPU.Build.0 = Debug|Any CPU
		{3AD17ACF-808F-4EB4-AAFE-B414EC1F0994}.Release|Any CPU.ActiveCfg = Release|Any CPU
		{3AD17ACF-808F-4EB4-AAFE-B414EC1F0994}.Release|Any CPU.Build.0 = Release|Any CPU
		{75223F49-0FF5-4D1E-968D-48EBB2B4BC24}.Debug|Any CPU.ActiveCfg = Debug|Any CPU
		{75223F49-0FF5-4D1E-968D-48EBB2B4BC24}.Debug|Any CPU.Build.0 = Debug|Any CPU
		{75223F49-0FF5-4D1E-968D-48EBB2B4BC24}.Release|Any CPU.ActiveCfg = Release|Any CPU
		{75223F49-0FF5-4D1E-968D-48EBB2B4BC24}.Release|Any CPU.Build.0 = Release|Any CPU
		{73FD7647-66C1-42E0-B904-63B9D5D006CF}.Debug|Any CPU.ActiveCfg = Debug|Any CPU
		{73FD7647-66C1-42E0-B904-63B9D5D006CF}.Debug|Any CPU.Build.0 = Debug|Any CPU
		{73FD7647-66C1-42E0-B904-63B9D5D006CF}.Release|Any CPU.ActiveCfg = Release|Any CPU
		{73FD7647-66C1-42E0-B904-63B9D5D006CF}.Release|Any CPU.Build.0 = Release|Any CPU
		{1D708148-6601-41FE-AEEC-2CB133AE946A}.Debug|Any CPU.ActiveCfg = Debug|Any CPU
		{1D708148-6601-41FE-AEEC-2CB133AE946A}.Debug|Any CPU.Build.0 = Debug|Any CPU
		{1D708148-6601-41FE-AEEC-2CB133AE946A}.Release|Any CPU.ActiveCfg = Release|Any CPU
		{1D708148-6601-41FE-AEEC-2CB133AE946A}.Release|Any CPU.Build.0 = Release|Any CPU
		{8066D135-0F49-4395-AC44-E7BEECC28FF9}.Debug|Any CPU.ActiveCfg = Debug|Any CPU
		{8066D135-0F49-4395-AC44-E7BEECC28FF9}.Debug|Any CPU.Build.0 = Debug|Any CPU
		{8066D135-0F49-4395-AC44-E7BEECC28FF9}.Release|Any CPU.ActiveCfg = Release|Any CPU
		{8066D135-0F49-4395-AC44-E7BEECC28FF9}.Release|Any CPU.Build.0 = Release|Any CPU
		{96ADFE98-96A7-412E-8FD0-FC35CED344C0}.Debug|Any CPU.ActiveCfg = Debug|Any CPU
		{96ADFE98-96A7-412E-8FD0-FC35CED344C0}.Debug|Any CPU.Build.0 = Debug|Any CPU
		{96ADFE98-96A7-412E-8FD0-FC35CED344C0}.Release|Any CPU.ActiveCfg = Release|Any CPU
		{96ADFE98-96A7-412E-8FD0-FC35CED344C0}.Release|Any CPU.Build.0 = Release|Any CPU
		{7BF5E684-01D2-467F-9974-C23565EF91B2}.Debug|Any CPU.ActiveCfg = Debug|Any CPU
		{7BF5E684-01D2-467F-9974-C23565EF91B2}.Debug|Any CPU.Build.0 = Debug|Any CPU
		{7BF5E684-01D2-467F-9974-C23565EF91B2}.Release|Any CPU.ActiveCfg = Release|Any CPU
		{7BF5E684-01D2-467F-9974-C23565EF91B2}.Release|Any CPU.Build.0 = Release|Any CPU
		{E59E7988-DB8C-4507-89F1-073DA44154F5}.Debug|Any CPU.ActiveCfg = Debug|Any CPU
		{E59E7988-DB8C-4507-89F1-073DA44154F5}.Debug|Any CPU.Build.0 = Debug|Any CPU
		{E59E7988-DB8C-4507-89F1-073DA44154F5}.Release|Any CPU.ActiveCfg = Release|Any CPU
		{E59E7988-DB8C-4507-89F1-073DA44154F5}.Release|Any CPU.Build.0 = Release|Any CPU
		{989D41A9-B6C7-496E-9FD2-EFC17600BC70}.Debug|Any CPU.ActiveCfg = Debug|Any CPU
		{989D41A9-B6C7-496E-9FD2-EFC17600BC70}.Debug|Any CPU.Build.0 = Debug|Any CPU
		{989D41A9-B6C7-496E-9FD2-EFC17600BC70}.Release|Any CPU.ActiveCfg = Release|Any CPU
		{989D41A9-B6C7-496E-9FD2-EFC17600BC70}.Release|Any CPU.Build.0 = Release|Any CPU
		{A2A4FDD2-3B0D-4290-9B2B-219FA794A149}.Debug|Any CPU.ActiveCfg = Debug|Any CPU
		{A2A4FDD2-3B0D-4290-9B2B-219FA794A149}.Debug|Any CPU.Build.0 = Debug|Any CPU
		{A2A4FDD2-3B0D-4290-9B2B-219FA794A149}.Release|Any CPU.ActiveCfg = Release|Any CPU
		{A2A4FDD2-3B0D-4290-9B2B-219FA794A149}.Release|Any CPU.Build.0 = Release|Any CPU
		{5C4FB93F-0987-44D8-B1DC-117E8DF33190}.Debug|Any CPU.ActiveCfg = Debug|Any CPU
		{5C4FB93F-0987-44D8-B1DC-117E8DF33190}.Debug|Any CPU.Build.0 = Debug|Any CPU
		{5C4FB93F-0987-44D8-B1DC-117E8DF33190}.Release|Any CPU.ActiveCfg = Release|Any CPU
		{5C4FB93F-0987-44D8-B1DC-117E8DF33190}.Release|Any CPU.Build.0 = Release|Any CPU
		{AF29B3C3-745D-4A63-806F-B50DB62B0246}.Debug|Any CPU.ActiveCfg = Debug|Any CPU
		{AF29B3C3-745D-4A63-806F-B50DB62B0246}.Debug|Any CPU.Build.0 = Debug|Any CPU
		{AF29B3C3-745D-4A63-806F-B50DB62B0246}.Release|Any CPU.ActiveCfg = Release|Any CPU
		{AF29B3C3-745D-4A63-806F-B50DB62B0246}.Release|Any CPU.Build.0 = Release|Any CPU
		{1F770A62-B0DE-43C3-9D5A-5CE9F0AF479B}.Debug|Any CPU.ActiveCfg = Debug|Any CPU
		{1F770A62-B0DE-43C3-9D5A-5CE9F0AF479B}.Debug|Any CPU.Build.0 = Debug|Any CPU
		{1F770A62-B0DE-43C3-9D5A-5CE9F0AF479B}.Release|Any CPU.ActiveCfg = Release|Any CPU
		{1F770A62-B0DE-43C3-9D5A-5CE9F0AF479B}.Release|Any CPU.Build.0 = Release|Any CPU
	EndGlobalSection
	GlobalSection(SolutionProperties) = preSolution
		HideSolutionNode = FALSE
	EndGlobalSection
	GlobalSection(ExtensibilityGlobals) = postSolution
		SolutionGuid = {F0CC9741-D9B7-418F-9F06-3A6D42E7D257}
	EndGlobalSection
EndGlobal
