
Microsoft Visual Studio Solution File, Format Version 12.00
# Visual Studio 15
VisualStudioVersion = 15.0.27130.2003
MinimumVisualStudioVersion = 10.0.40219.1
Project("{9A19103F-16F7-4668-BE54-9A1E7A4F7556}") = "05.BorderControl", "05.BorderControl\05.BorderControl.csproj", "{70D4FC3C-18F4-4E7E-B3BD-4BE018BCBBED}"
EndProject
Project("{9A19103F-16F7-4668-BE54-9A1E7A4F7556}") = "06.BirthdayCelebrations", "06.BirthdayCelebrations\06.BirthdayCelebrations.csproj", "{4BB63149-7A4A-4FAE-8FC0-83A4719B3FD4}"
EndProject
Project("{9A19103F-16F7-4668-BE54-9A1E7A4F7556}") = "07.FoodShortage", "07.FoodShortage\07.FoodShortage.csproj", "{75C229B9-31BC-4FDA-A8DA-CED2E70CB30B}"
EndProject
Project("{FAE04EC0-301F-11D3-BF4B-00C04F79EFBC}") = "01.DefineAnInterfaceIPerson", "01.DefineAnInterfaceIPerson\01.DefineAnInterfaceIPerson.csproj", "{92C9BEC9-4F54-4DC6-9DB3-49F72DE610D1}"
EndProject
Project("{FAE04EC0-301F-11D3-BF4B-00C04F79EFBC}") = "02.MultipleImplementation", "02.MultipleImplementation\02.MultipleImplementation.csproj", "{8CED1983-F5BA-49B5-AA0B-EFF6E0A102B2}"
EndProject
Project("{FAE04EC0-301F-11D3-BF4B-00C04F79EFBC}") = "03.Ferrari", "03.Ferrari\03.Ferrari.csproj", "{AEBB9867-A9A2-466E-99DF-AB5587B519B1}"
EndProject
Project("{FAE04EC0-301F-11D3-BF4B-00C04F79EFBC}") = "04.Telephony", "04.Telephony\04.Telephony.csproj", "{EE4B7219-6811-46D2-8CCE-85A9E34A1B6A}"
EndProject
Global
	GlobalSection(SolutionConfigurationPlatforms) = preSolution
		Debug|Any CPU = Debug|Any CPU
		Release|Any CPU = Release|Any CPU
	EndGlobalSection
	GlobalSection(ProjectConfigurationPlatforms) = postSolution
		{70D4FC3C-18F4-4E7E-B3BD-4BE018BCBBED}.Debug|Any CPU.ActiveCfg = Debug|Any CPU
		{70D4FC3C-18F4-4E7E-B3BD-4BE018BCBBED}.Debug|Any CPU.Build.0 = Debug|Any CPU
		{70D4FC3C-18F4-4E7E-B3BD-4BE018BCBBED}.Release|Any CPU.ActiveCfg = Release|Any CPU
		{70D4FC3C-18F4-4E7E-B3BD-4BE018BCBBED}.Release|Any CPU.Build.0 = Release|Any CPU
		{4BB63149-7A4A-4FAE-8FC0-83A4719B3FD4}.Debug|Any CPU.ActiveCfg = Debug|Any CPU
		{4BB63149-7A4A-4FAE-8FC0-83A4719B3FD4}.Debug|Any CPU.Build.0 = Debug|Any CPU
		{4BB63149-7A4A-4FAE-8FC0-83A4719B3FD4}.Release|Any CPU.ActiveCfg = Release|Any CPU
		{4BB63149-7A4A-4FAE-8FC0-83A4719B3FD4}.Release|Any CPU.Build.0 = Release|Any CPU
		{75C229B9-31BC-4FDA-A8DA-CED2E70CB30B}.Debug|Any CPU.ActiveCfg = Debug|Any CPU
		{75C229B9-31BC-4FDA-A8DA-CED2E70CB30B}.Debug|Any CPU.Build.0 = Debug|Any CPU
		{75C229B9-31BC-4FDA-A8DA-CED2E70CB30B}.Release|Any CPU.ActiveCfg = Release|Any CPU
		{75C229B9-31BC-4FDA-A8DA-CED2E70CB30B}.Release|Any CPU.Build.0 = Release|Any CPU
		{92C9BEC9-4F54-4DC6-9DB3-49F72DE610D1}.Debug|Any CPU.ActiveCfg = Debug|Any CPU
		{92C9BEC9-4F54-4DC6-9DB3-49F72DE610D1}.Debug|Any CPU.Build.0 = Debug|Any CPU
		{92C9BEC9-4F54-4DC6-9DB3-49F72DE610D1}.Release|Any CPU.ActiveCfg = Release|Any CPU
		{92C9BEC9-4F54-4DC6-9DB3-49F72DE610D1}.Release|Any CPU.Build.0 = Release|Any CPU
		{8CED1983-F5BA-49B5-AA0B-EFF6E0A102B2}.Debug|Any CPU.ActiveCfg = Debug|Any CPU
		{8CED1983-F5BA-49B5-AA0B-EFF6E0A102B2}.Debug|Any CPU.Build.0 = Debug|Any CPU
		{8CED1983-F5BA-49B5-AA0B-EFF6E0A102B2}.Release|Any CPU.ActiveCfg = Release|Any CPU
		{8CED1983-F5BA-49B5-AA0B-EFF6E0A102B2}.Release|Any CPU.Build.0 = Release|Any CPU
		{AEBB9867-A9A2-466E-99DF-AB5587B519B1}.Debug|Any CPU.ActiveCfg = Debug|Any CPU
		{AEBB9867-A9A2-466E-99DF-AB5587B519B1}.Debug|Any CPU.Build.0 = Debug|Any CPU
		{AEBB9867-A9A2-466E-99DF-AB5587B519B1}.Release|Any CPU.ActiveCfg = Release|Any CPU
		{AEBB9867-A9A2-466E-99DF-AB5587B519B1}.Release|Any CPU.Build.0 = Release|Any CPU
		{EE4B7219-6811-46D2-8CCE-85A9E34A1B6A}.Debug|Any CPU.ActiveCfg = Debug|Any CPU
		{EE4B7219-6811-46D2-8CCE-85A9E34A1B6A}.Debug|Any CPU.Build.0 = Debug|Any CPU
		{EE4B7219-6811-46D2-8CCE-85A9E34A1B6A}.Release|Any CPU.ActiveCfg = Release|Any CPU
		{EE4B7219-6811-46D2-8CCE-85A9E34A1B6A}.Release|Any CPU.Build.0 = Release|Any CPU
	EndGlobalSection
	GlobalSection(SolutionProperties) = preSolution
		HideSolutionNode = FALSE
	EndGlobalSection
	GlobalSection(ExtensibilityGlobals) = postSolution
		SolutionGuid = {06695D4B-EF06-443F-AC4E-66C39017B721}
	EndGlobalSection
EndGlobal
